// !$*UTF8*$!
{
	archiveVersion = 1;
	classes = {
	};
	objectVersion = 48;
	objects = {

/* Begin PBXBuildFile section */
		9A0941672055988D00F1E804 /* AppDelegate.swift in Sources */ = {isa = PBXBuildFile; fileRef = 9A0941662055988D00F1E804 /* AppDelegate.swift */; };
		9A0941692055988D00F1E804 /* ViewController.swift in Sources */ = {isa = PBXBuildFile; fileRef = 9A0941682055988D00F1E804 /* ViewController.swift */; };
		9A09416C2055988E00F1E804 /* Main.storyboard in Resources */ = {isa = PBXBuildFile; fileRef = 9A09416A2055988E00F1E804 /* Main.storyboard */; };
		9A09416F2055988E00F1E804 /* MyFavMovies.xcdatamodeld in Sources */ = {isa = PBXBuildFile; fileRef = 9A09416D2055988E00F1E804 /* MyFavMovies.xcdatamodeld */; };
		9A0941712055988E00F1E804 /* Assets.xcassets in Resources */ = {isa = PBXBuildFile; fileRef = 9A0941702055988E00F1E804 /* Assets.xcassets */; };
		9A0941742055988E00F1E804 /* LaunchScreen.storyboard in Resources */ = {isa = PBXBuildFile; fileRef = 9A0941722055988E00F1E804 /* LaunchScreen.storyboard */; };
/* End PBXBuildFile section */

/* Begin PBXFileReference section */
		9A0941632055988D00F1E804 /* MyFavMovies.app */ = {isa = PBXFileReference; explicitFileType = wrapper.application; includeInIndex = 0; path = MyFavMovies.app; sourceTree = BUILT_PRODUCTS_DIR; };
		9A0941662055988D00F1E804 /* AppDelegate.swift */ = {isa = PBXFileReference; lastKnownFileType = sourcecode.swift; path = AppDelegate.swift; sourceTree = "<group>"; };
		9A0941682055988D00F1E804 /* ViewController.swift */ = {isa = PBXFileReference; lastKnownFileType = sourcecode.swift; path = ViewController.swift; sourceTree = "<group>"; };
		9A09416B2055988E00F1E804 /* Base */ = {isa = PBXFileReference; lastKnownFileType = file.storyboard; name = Base; path = Base.lproj/Main.storyboard; sourceTree = "<group>"; };
		9A09416E2055988E00F1E804 /* MyFavMovies.xcdatamodel */ = {isa = PBXFileReference; lastKnownFileType = wrapper.xcdatamodel; path = MyFavMovies.xcdatamodel; sourceTree = "<group>"; };
		9A0941702055988E00F1E804 /* Assets.xcassets */ = {isa = PBXFileReference; lastKnownFileType = folder.assetcatalog; path = Assets.xcassets; sourceTree = "<group>"; };
		9A0941732055988E00F1E804 /* Base */ = {isa = PBXFileReference; lastKnownFileType = file.storyboard; name = Base; path = Base.lproj/LaunchScreen.storyboard; sourceTree = "<group>"; };
		9A0941752055988E00F1E804 /* Info.plist */ = {isa = PBXFileReference; lastKnownFileType = text.plist.xml; path = Info.plist; sourceTree = "<group>"; };
/* End PBXFileReference section */

/* Begin PBXFrameworksBuildPhase section */
		9A0941602055988D00F1E804 /* Frameworks */ = {
			isa = PBXFrameworksBuildPhase;
			buildActionMask = 2147483647;
			files = (
			);
			runOnlyForDeploymentPostprocessing = 0;
		};
/* End PBXFrameworksBuildPhase section */

/* Begin PBXGroup section */
		9A09415A2055988D00F1E804 = {
			isa = PBXGroup;
			children = (
				9A0941652055988D00F1E804 /* MyFavMovies */,
				9A0941642055988D00F1E804 /* Products */,
			);
			sourceTree = "<group>";
		};
		9A0941642055988D00F1E804 /* Products */ = {
			isa = PBXGroup;
			children = (
				9A0941632055988D00F1E804 /* MyFavMovies.app */,
			);
			name = Products;
			sourceTree = "<group>";
		};
		9A0941652055988D00F1E804 /* MyFavMovies */ = {
			isa = PBXGroup;
			children = (
				9A0941662055988D00F1E804 /* AppDelegate.swift */,
				9A0941682055988D00F1E804 /* ViewController.swift */,
				9A09416A2055988E00F1E804 /* Main.storyboard */,
				9A0941702055988E00F1E804 /* Assets.xcassets */,
				9A0941722055988E00F1E804 /* LaunchScreen.storyboard */,
				9A0941752055988E00F1E804 /* Info.plist */,
				9A09416D2055988E00F1E804 /* MyFavMovies.xcdatamodeld */,
			);
			path = MyFavMovies;
			sourceTree = "<group>";
		};
/* End PBXGroup section */

/* Begin PBXNativeTarget section */
		9A0941622055988D00F1E804 /* MyFavMovies */ = {
			isa = PBXNativeTarget;
			buildConfigurationList = 9A0941782055988E00F1E804 /* Build configuration list for PBXNativeTarget "MyFavMovies" */;
			buildPhases = (
				9A09415F2055988D00F1E804 /* Sources */,
				9A0941602055988D00F1E804 /* Frameworks */,
				9A0941612055988D00F1E804 /* Resources */,
			);
			buildRules = (
			);
			dependencies = (
			);
			name = MyFavMovies;
			productName = MyFavMovies;
			productReference = 9A0941632055988D00F1E804 /* MyFavMovies.app */;
			productType = "com.apple.product-type.application";
		};
/* End PBXNativeTarget section */

/* Begin PBXProject section */
		9A09415B2055988D00F1E804 /* Project object */ = {
			isa = PBXProject;
			attributes = {
				LastSwiftUpdateCheck = 0910;
				LastUpgradeCheck = 0910;
				ORGANIZATIONNAME = Nagiz;
				TargetAttributes = {
					9A0941622055988D00F1E804 = {
						CreatedOnToolsVersion = 9.1;
						ProvisioningStyle = Automatic;
					};
				};
			};
			buildConfigurationList = 9A09415E2055988D00F1E804 /* Build configuration list for PBXProject "MyFavMovies" */;
			compatibilityVersion = "Xcode 8.0";
			developmentRegion = en;
			hasScannedForEncodings = 0;
			knownRegions = (
				en,
				Base,
			);
			mainGroup = 9A09415A2055988D00F1E804;
			productRefGroup = 9A0941642055988D00F1E804 /* Products */;
			projectDirPath = "";
			projectRoot = "";
			targets = (
				9A0941622055988D00F1E804 /* MyFavMovies */,
			);
		};
/* End PBXProject section */

/* Begin PBXResourcesBuildPhase section */
		9A0941612055988D00F1E804 /* Resources */ = {
			isa = PBXResourcesBuildPhase;
			buildActionMask = 2147483647;
			files = (
				9A0941742055988E00F1E804 /* LaunchScreen.storyboard in Resources */,
				9A0941712055988E00F1E804 /* Assets.xcassets in Resources */,
				9A09416C2055988E00F1E804 /* Main.storyboard in Resources */,
			);
			runOnlyForDeploymentPostprocessing = 0;
		};
/* End PBXResourcesBuildPhase section */

/* Begin PBXSourcesBuildPhase section */
		9A09415F2055988D00F1E804 /* Sources */ = {
			isa = PBXSourcesBuildPhase;
			buildActionMask = 2147483647;
			files = (
				9A0941692055988D00F1E804 /* ViewController.swift in Sources */,
				9A0941672055988D00F1E804 /* AppDelegate.swift in Sources */,
				9A09416F2055988E00F1E804 /* MyFavMovies.xcdatamodeld in Sources */,
			);
			runOnlyForDeploymentPostprocessing = 0;
		};
/* End PBXSourcesBuildPhase section */

/* Begin PBXVariantGroup section */
		9A09416A2055988E00F1E804 /* Main.storyboard */ = {
			isa = PBXVariantGroup;
			children = (
				9A09416B2055988E00F1E804 /* Base */,
			);
			name = Main.storyboard;
			sourceTree = "<group>";
		};
		9A0941722055988E00F1E804 /* LaunchScreen.storyboard */ = {
			isa = PBXVariantGroup;
			children = (
				9A0941732055988E00F1E804 /* Base */,
			);
			name = LaunchScreen.storyboard;
			sourceTree = "<group>";
		};
/* End PBXVariantGroup section */

/* Begin XCBuildConfiguration section */
		9A0941762055988E00F1E804 /* Debug */ = {
			isa = XCBuildConfiguration;
			buildSettings = {
				ALWAYS_SEARCH_USER_PATHS = NO;
				CLANG_ANALYZER_NONNULL = YES;
				CLANG_ANALYZER_NUMBER_OBJECT_CONVERSION = YES_AGGRESSIVE;
				CLANG_CXX_LANGUAGE_STANDARD = "gnu++14";
				CLANG_CXX_LIBRARY = "libc++";
				CLANG_ENABLE_MODULES = YES;
				CLANG_ENABLE_OBJC_ARC = YES;
				CLANG_WARN_BLOCK_CAPTURE_AUTORELEASING = YES;
				CLANG_WARN_BOOL_CONVERSION = YES;
				CLANG_WARN_COMMA = YES;
				CLANG_WARN_CONSTANT_CONVERSION = YES;
				CLANG_WARN_DIRECT_OBJC_ISA_USAGE = YES_ERROR;
				CLANG_WARN_DOCUMENTATION_COMMENTS = YES;
				CLANG_WARN_EMPTY_BODY = YES;
				CLANG_WARN_ENUM_CONVERSION = YES;
				CLANG_WARN_INFINITE_RECURSION = YES;
				CLANG_WARN_INT_CONVERSION = YES;
				CLANG_WARN_NON_LITERAL_NULL_CONVERSION = YES;
				CLANG_WARN_OBJC_LITERAL_CONVERSION = YES;
				CLANG_WARN_OBJC_ROOT_CLASS = YES_ERROR;
				CLANG_WARN_RANGE_LOOP_ANALYSIS = YES;
				CLANG_WARN_STRICT_PROTOTYPES = YES;
				CLANG_WARN_SUSPICIOUS_MOVE = YES;
				CLANG_WARN_UNGUARDED_AVAILABILITY = YES_AGGRESSIVE;
				CLANG_WARN_UNREACHABLE_CODE = YES;
				CLANG_WARN__DUPLICATE_METHOD_MATCH = YES;
				CODE_SIGN_IDENTITY = "iPhone Developer";
				COPY_PHASE_STRIP = NO;
				DEBUG_INFORMATION_FORMAT = dwarf;
				ENABLE_STRICT_OBJC_MSGSEND = YES;
				ENABLE_TESTABILITY = YES;
				GCC_C_LANGUAGE_STANDARD = gnu11;
				GCC_DYNAMIC_NO_PIC = NO;
				GCC_NO_COMMON_BLOCKS = YES;
				GCC_OPTIMIZATION_LEVEL = 0;
				GCC_PREPROCESSOR_DEFINITIONS = (
					"DEBUG=1",
					"$(inherited)",
				);
				GCC_WARN_64_TO_32_BIT_CONVERSION = YES;
				GCC_WARN_ABOUT_RETURN_TYPE = YES_ERROR;
				GCC_WARN_UNDECLARED_SELECTOR = YES;
				GCC_WARN_UNINITIALIZED_AUTOS = YES_AGGRESSIVE;
				GCC_WARN_UNUSED_FUNCTION = YES;
				GCC_WARN_UNUSED_VARIABLE = YES;
				IPHONEOS_DEPLOYMENT_TARGET = 11.1;
				MTL_ENABLE_DEBUG_INFO = YES;
				ONLY_ACTIVE_ARCH = YES;
				SDKROOT = iphoneos;
				SWIFT_ACTIVE_COMPILATION_CONDITIONS = DEBUG;
				SWIFT_OPTIMIZATION_LEVEL = "-Onone";
			};
			name = Debug;
		};
		9A0941772055988E00F1E804 /* Release */ = {
			isa = XCBuildConfiguration;
			buildSettings = {
				ALWAYS_SEARCH_USER_PATHS = NO;
				CLANG_ANALYZER_NONNULL = YES;
				CLANG_ANALYZER_NUMBER_OBJECT_CONVERSION = YES_AGGRESSIVE;
				CLANG_CXX_LANGUAGE_STANDARD = "gnu++14";
				CLANG_CXX_LIBRARY = "libc++";
				CLANG_ENABLE_MODULES = YES;
				CLANG_ENABLE_OBJC_ARC = YES;
				CLANG_WARN_BLOCK_CAPTURE_AUTORELEASING = YES;
				CLANG_WARN_BOOL_CONVERSION = YES;
				CLANG_WARN_COMMA = YES;
				CLANG_WARN_CONSTANT_CONVERSION = YES;
				CLANG_WARN_DIRECT_OBJC_ISA_USAGE = YES_ERROR;
				CLANG_WARN_DOCUMENTATION_COMMENTS = YES;
				CLANG_WARN_EMPTY_BODY = YES;
				CLANG_WARN_ENUM_CONVERSION = YES;
				CLANG_WARN_INFINITE_RECURSION = YES;
				CLANG_WARN_INT_CONVERSION = YES;
				CLANG_WARN_NON_LITERAL_NULL_CONVERSION = YES;
				CLANG_WARN_OBJC_LITERAL_CONVERSION = YES;
				CLANG_WARN_OBJC_ROOT_CLASS = YES_ERROR;
				CLANG_WARN_RANGE_LOOP_ANALYSIS = YES;
				CLANG_WARN_STRICT_PROTOTYPES = YES;
				CLANG_WARN_SUSPICIOUS_MOVE = YES;
				CLANG_WARN_UNGUARDED_AVAILABILITY = YES_AGGRESSIVE;
				CLANG_WARN_UNREACHABLE_CODE = YES;
				CLANG_WARN__DUPLICATE_METHOD_MATCH = YES;
				CODE_SIGN_IDENTITY = "iPhone Developer";
				COPY_PHASE_STRIP = NO;
				DEBUG_INFORMATION_FORMAT = "dwarf-with-dsym";
				ENABLE_NS_ASSERTIONS = NO;
				ENABLE_STRICT_OBJC_MSGSEND = YES;
				GCC_C_LANGUAGE_STANDARD = gnu11;
				GCC_NO_COMMON_BLOCKS = YES;
				GCC_WARN_64_TO_32_BIT_CONVERSION = YES;
				GCC_WARN_ABOUT_RETURN_TYPE = YES_ERROR;
				GCC_WARN_UNDECLARED_SELECTOR = YES;
				GCC_WARN_UNINITIALIZED_AUTOS = YES_AGGRESSIVE;
				GCC_WARN_UNUSED_FUNCTION = YES;
				GCC_WARN_UNUSED_VARIABLE = YES;
				IPHONEOS_DEPLOYMENT_TARGET = 11.1;
				MTL_ENABLE_DEBUG_INFO = NO;
				SDKROOT = iphoneos;
				SWIFT_OPTIMIZATION_LEVEL = "-Owholemodule";
				VALIDATE_PRODUCT = YES;
			};
			name = Release;
		};
		9A0941792055988E00F1E804 /* Debug */ = {
			isa = XCBuildConfiguration;
			buildSettings = {
				ASSETCATALOG_COMPILER_APPICON_NAME = AppIcon;
				CODE_SIGN_STYLE = Automatic;
				INFOPLIST_FILE = MyFavMovies/Info.plist;
				LD_RUNPATH_SEARCH_PATHS = "$(inherited) @executable_path/Frameworks";
				PRODUCT_BUNDLE_IDENTIFIER = com.Nagiz.MyFavMovies;
				PRODUCT_NAME = "$(TARGET_NAME)";
				SWIFT_VERSION = 4.0;
				TARGETED_DEVICE_FAMILY = "1,2";
			};
			name = Debug;
		};
		9A09417A2055988E00F1E804 /* Release */ = {
			isa = XCBuildConfiguration;
			buildSettings = {
				ASSETCATALOG_COMPILER_APPICON_NAME = AppIcon;
				CODE_SIGN_STYLE = Automatic;
				INFOPLIST_FILE = MyFavMovies/Info.plist;
				LD_RUNPATH_SEARCH_PATHS = "$(inherited) @executable_path/Frameworks";
				PRODUCT_BUNDLE_IDENTIFIER = com.Nagiz.MyFavMovies;
				PRODUCT_NAME = "$(TARGET_NAME)";
				SWIFT_VERSION = 4.0;
				TARGETED_DEVICE_FAMILY = "1,2";
			};
			name = Release;
		};
/* End XCBuildConfiguration section */

/* Begin XCConfigurationList section */
		9A09415E2055988D00F1E804 /* Build configuration list for PBXProject "MyFavMovies" */ = {
			isa = XCConfigurationList;
			buildConfigurations = (
				9A0941762055988E00F1E804 /* Debug */,
				9A0941772055988E00F1E804 /* Release */,
			);
			defaultConfigurationIsVisible = 0;
			defaultConfigurationName = Release;
		};
		9A0941782055988E00F1E804 /* Build configuration list for PBXNativeTarget "MyFavMovies" */ = {
			isa = XCConfigurationList;
			buildConfigurations = (
				9A0941792055988E00F1E804 /* Debug */,
				9A09417A2055988E00F1E804 /* Release */,
			);
			defaultConfigurationIsVisible = 0;
			defaultConfigurationName = Release;
		};
/* End XCConfigurationList section */

/* Begin XCVersionGroup section */
		9A09416D2055988E00F1E804 /* MyFavMovies.xcdatamodeld */ = {
			isa = XCVersionGroup;
			children = (
				9A09416E2055988E00F1E804 /* MyFavMovies.xcdatamodel */,
			);
			currentVersion = 9A09416E2055988E00F1E804 /* MyFavMovies.xcdatamodel */;
			path = MyFavMovies.xcdatamodeld;
			sourceTree = "<group>";
			versionGroupType = wrapper.xcdatamodel;
		};
/* End XCVersionGroup section */
	};
	rootObject = 9A09415B2055988D00F1E804 /* Project object */;
}
